
Microsoft Visual Studio Solution File, Format Version 12.00
# Visual Studio Version 17
VisualStudioVersion = 17.6.33815.320
MinimumVisualStudioVersion = 10.0.40219.1
Project("{FAE04EC0-301F-11D3-BF4B-00C04F79EFBC}") = "FinalApi", "FinalApi.csproj", "{2A51DE82-E3F1-4D45-B1A3-3EBF3E92DD40}"
EndProject
Global
	GlobalSection(SolutionConfigurationPlatforms) = preSolution
		Debug|Any CPU = Debug|Any CPU
		Release|Any CPU = Release|Any CPU
	EndGlobalSection
	GlobalSection(ProjectConfigurationPlatforms) = postSolution
		{2A51DE82-E3F1-4D45-B1A3-3EBF3E92DD40}.Debug|Any CPU.ActiveCfg = Debug|Any CPU
		{2A51DE82-E3F1-4D45-B1A3-3EBF3E92DD40}.Debug|Any CPU.Build.0 = Debug|Any CPU
		{2A51DE82-E3F1-4D45-B1A3-3EBF3E92DD40}.Release|Any CPU.ActiveCfg = Release|Any CPU
		{2A51DE82-E3F1-4D45-B1A3-3EBF3E92DD40}.Release|Any CPU.Build.0 = Release|Any CPU
	EndGlobalSection
	GlobalSection(SolutionProperties) = preSolution
		HideSolutionNode = FALSE
	EndGlobalSection
	GlobalSection(ExtensibilityGlobals) = postSolution
		SolutionGuid = {7B9CBAA7-95EE-48E4-970A-5D3E2F3956F4}
	EndGlobalSection
EndGlobal
